{
  "pins" : [
    {
      "identity" : "jxsegmentedview",
      "kind" : "remoteSourceControl",
      "location" : "https://github.com/pujiaxin33/JXSegmentedView.git",
      "state" : {
        "revision" : "b7e784f21257d0947cdd4d79951d8fc749ea0602",
        "version" : "1.3.0"
      }
    },
    {
      "identity" : "mjrefresh",
      "kind" : "remoteSourceControl",
      "location" : "https://github.com/CoderMJLee/MJRefresh",
      "state" : {
        "revision" : "b6abdfebb31a3b3b1dd649714057b31cf614e7e1",
        "version" : "3.7.8"
      }
    },
    {
      "identity" : "sdwebimage",
      "kind" : "remoteSourceControl",
      "location" : "https://github.com/SDWebImage/SDWebImage.git",
      "state" : {
        "revision" : "73b9397cfbd902f606572964055464903b1d84c6",
        "version" : "5.19.0"
      }
    },
    {
      "identity" : "snapkit",
      "kind" : "remoteSourceControl",
      "location" : "https://github.com/SnapKit/SnapKit.git",
      "state" : {
        "revision" : "2842e6e84e82eb9a8dac0100ca90d9444b0307f4",
        "version" : "5.7.1"
      }
    },
    {
      "identity" : "swiftsoup",
      "kind" : "remoteSourceControl",
      "location" : "https://github.com/scinfu/SwiftSoup",
      "state" : {
        "revision" : "028487d4a8a291b2fe1b4392b5425b6172056148",
        "version" : "2.7.2"
      }
    },
    {
      "identity" : "tiercel",
      "kind" : "remoteSourceControl",
      "location" : "https://github.com/Danie1s/Tiercel.git",
      "state" : {
        "revision" : "203ef077ed3887cb8cb5729446ef018f890a8a9a",
        "version" : "3.2.5"
      }
    },
    {
      "identity" : "toast-swift",
      "kind" : "remoteSourceControl",
      "location" : "https://github.com/scalessec/Toast-Swift.git",
      "state" : {
        "revision" : "404ac98e0080a3d9f0630e007838284e04528bcd",
        "version" : "5.1.0"
      }
    }
  ],
  "version" : 2
}
