// !$*UTF8*$!
{
	archiveVersion = 1;
	classes = {
	};
	objectVersion = 56;
	objects = {

/* Begin PBXBuildFile section */
		00BD05E52BA9C4EF005F1486 /* AppDelegate.swift in Sources */ = {isa = PBXBuildFile; fileRef = 00BD05E42BA9C4EF005F1486 /* AppDelegate.swift */; };
		00BD05E72BA9C4EF005F1486 /* SceneDelegate.swift in Sources */ = {isa = PBXBuildFile; fileRef = 00BD05E62BA9C4EF005F1486 /* SceneDelegate.swift */; };
		00BD05E92BA9C4EF005F1486 /* ViewController.swift in Sources */ = {isa = PBXBuildFile; fileRef = 00BD05E82BA9C4EF005F1486 /* ViewController.swift */; };
		00BD05EC2BA9C4EF005F1486 /* Main.storyboard in Resources */ = {isa = PBXBuildFile; fileRef = 00BD05EA2BA9C4EF005F1486 /* Main.storyboard */; };
		00BD05EE2BA9C4F0005F1486 /* Assets.xcassets in Resources */ = {isa = PBXBuildFile; fileRef = 00BD05ED2BA9C4F0005F1486 /* Assets.xcassets */; };
		00BD05F12BA9C4F0005F1486 /* LaunchScreen.storyboard in Resources */ = {isa = PBXBuildFile; fileRef = 00BD05EF2BA9C4F0005F1486 /* LaunchScreen.storyboard */; };
		00BD05FA2BA9C63F005F1486 /* JXSegmentedView in Frameworks */ = {isa = PBXBuildFile; productRef = 00BD05F92BA9C63F005F1486 /* JXSegmentedView */; };
		00BD05FD2BA9C6B7005F1486 /* MJRefresh in Frameworks */ = {isa = PBXBuildFile; productRef = 00BD05FC2BA9C6B7005F1486 /* MJRefresh */; };
		00BD06002BA9C6D4005F1486 /* SDWebImage in Frameworks */ = {isa = PBXBuildFile; productRef = 00BD05FF2BA9C6D4005F1486 /* SDWebImage */; };
		00BD06032BA9C6E7005F1486 /* SnapKit in Frameworks */ = {isa = PBXBuildFile; productRef = 00BD06022BA9C6E7005F1486 /* SnapKit */; };
		00BD06062BA9C6FB005F1486 /* Toast in Frameworks */ = {isa = PBXBuildFile; productRef = 00BD06052BA9C6FB005F1486 /* Toast */; };
		00BD06092BA9C735005F1486 /* SwiftSoup in Frameworks */ = {isa = PBXBuildFile; productRef = 00BD06082BA9C735005F1486 /* SwiftSoup */; };
		00BD06152BA9C7E2005F1486 /* ItemCell.swift in Sources */ = {isa = PBXBuildFile; fileRef = 00BD060B2BA9C7E2005F1486 /* ItemCell.swift */; };
		00BD06162BA9C7E2005F1486 /* SearchViewController.swift in Sources */ = {isa = PBXBuildFile; fileRef = 00BD060C2BA9C7E2005F1486 /* SearchViewController.swift */; };
		00BD06172BA9C7E2005F1486 /* ListModel.swift in Sources */ = {isa = PBXBuildFile; fileRef = 00BD060D2BA9C7E2005F1486 /* ListModel.swift */; };
		00BD06182BA9C7E2005F1486 /* ListCell.swift in Sources */ = {isa = PBXBuildFile; fileRef = 00BD060E2BA9C7E2005F1486 /* ListCell.swift */; };
		00BD06192BA9C7E2005F1486 /* ServerViewController.swift in Sources */ = {isa = PBXBuildFile; fileRef = 00BD060F2BA9C7E2005F1486 /* ServerViewController.swift */; };
		00BD061A2BA9C7E2005F1486 /* WebViewController.swift in Sources */ = {isa = PBXBuildFile; fileRef = 00BD06102BA9C7E2005F1486 /* WebViewController.swift */; };
		00BD061B2BA9C7E2005F1486 /* TabBarController.swift in Sources */ = {isa = PBXBuildFile; fileRef = 00BD06112BA9C7E2005F1486 /* TabBarController.swift */; };
		00BD061C2BA9C7E2005F1486 /* HomeViewController.swift in Sources */ = {isa = PBXBuildFile; fileRef = 00BD06122BA9C7E2005F1486 /* HomeViewController.swift */; };
		00BD061D2BA9C7E2005F1486 /* CGFloat.swift in Sources */ = {isa = PBXBuildFile; fileRef = 00BD06132BA9C7E2005F1486 /* CGFloat.swift */; };
/* End PBXBuildFile section */

/* Begin PBXFileReference section */
		00BD05E12BA9C4EF005F1486 /* ai.app */ = {isa = PBXFileReference; explicitFileType = wrapper.application; includeInIndex = 0; path = ai.app; sourceTree = BUILT_PRODUCTS_DIR; };
		00BD05E42BA9C4EF005F1486 /* AppDelegate.swift */ = {isa = PBXFileReference; lastKnownFileType = sourcecode.swift; path = AppDelegate.swift; sourceTree = "<group>"; };
		00BD05E62BA9C4EF005F1486 /* SceneDelegate.swift */ = {isa = PBXFileReference; lastKnownFileType = sourcecode.swift; path = SceneDelegate.swift; sourceTree = "<group>"; };
		00BD05E82BA9C4EF005F1486 /* ViewController.swift */ = {isa = PBXFileReference; lastKnownFileType = sourcecode.swift; path = ViewController.swift; sourceTree = "<group>"; };
		00BD05EB2BA9C4EF005F1486 /* Base */ = {isa = PBXFileReference; lastKnownFileType = file.storyboard; name = Base; path = Base.lproj/Main.storyboard; sourceTree = "<group>"; };
		00BD05ED2BA9C4F0005F1486 /* Assets.xcassets */ = {isa = PBXFileReference; lastKnownFileType = folder.assetcatalog; path = Assets.xcassets; sourceTree = "<group>"; };
		00BD05F02BA9C4F0005F1486 /* Base */ = {isa = PBXFileReference; lastKnownFileType = file.storyboard; name = Base; path = Base.lproj/LaunchScreen.storyboard; sourceTree = "<group>"; };
		00BD05F22BA9C4F0005F1486 /* Info.plist */ = {isa = PBXFileReference; lastKnownFileType = text.plist.xml; path = Info.plist; sourceTree = "<group>"; };
		00BD060B2BA9C7E2005F1486 /* ItemCell.swift */ = {isa = PBXFileReference; fileEncoding = 4; lastKnownFileType = sourcecode.swift; path = ItemCell.swift; sourceTree = "<group>"; };
		00BD060C2BA9C7E2005F1486 /* SearchViewController.swift */ = {isa = PBXFileReference; fileEncoding = 4; lastKnownFileType = sourcecode.swift; path = SearchViewController.swift; sourceTree = "<group>"; };
		00BD060D2BA9C7E2005F1486 /* ListModel.swift */ = {isa = PBXFileReference; fileEncoding = 4; lastKnownFileType = sourcecode.swift; path = ListModel.swift; sourceTree = "<group>"; };
		00BD060E2BA9C7E2005F1486 /* ListCell.swift */ = {isa = PBXFileReference; fileEncoding = 4; lastKnownFileType = sourcecode.swift; path = ListCell.swift; sourceTree = "<group>"; };
		00BD060F2BA9C7E2005F1486 /* ServerViewController.swift */ = {isa = PBXFileReference; fileEncoding = 4; lastKnownFileType = sourcecode.swift; path = ServerViewController.swift; sourceTree = "<group>"; };
		00BD06102BA9C7E2005F1486 /* WebViewController.swift */ = {isa = PBXFileReference; fileEncoding = 4; lastKnownFileType = sourcecode.swift; path = WebViewController.swift; sourceTree = "<group>"; };
		00BD06112BA9C7E2005F1486 /* TabBarController.swift */ = {isa = PBXFileReference; fileEncoding = 4; lastKnownFileType = sourcecode.swift; path = TabBarController.swift; sourceTree = "<group>"; };
		00BD06122BA9C7E2005F1486 /* HomeViewController.swift */ = {isa = PBXFileReference; fileEncoding = 4; lastKnownFileType = sourcecode.swift; path = HomeViewController.swift; sourceTree = "<group>"; };
		00BD06132BA9C7E2005F1486 /* CGFloat.swift */ = {isa = PBXFileReference; fileEncoding = 4; lastKnownFileType = sourcecode.swift; path = CGFloat.swift; sourceTree = "<group>"; };
/* End PBXFileReference section */

/* Begin PBXFrameworksBuildPhase section */
		00BD05DE2BA9C4EF005F1486 /* Frameworks */ = {
			isa = PBXFrameworksBuildPhase;
			buildActionMask = 2147483647;
			files = (
				00BD06002BA9C6D4005F1486 /* SDWebImage in Frameworks */,
				00BD06032BA9C6E7005F1486 /* SnapKit in Frameworks */,
				00BD05FA2BA9C63F005F1486 /* JXSegmentedView in Frameworks */,
				00BD06062BA9C6FB005F1486 /* Toast in Frameworks */,
				00BD05FD2BA9C6B7005F1486 /* MJRefresh in Frameworks */,
				00BD06092BA9C735005F1486 /* SwiftSoup in Frameworks */,
			);
			runOnlyForDeploymentPostprocessing = 0;
		};
/* End PBXFrameworksBuildPhase section */

/* Begin PBXGroup section */
		00BD05D82BA9C4EF005F1486 = {
			isa = PBXGroup;
			children = (
				00BD05E32BA9C4EF005F1486 /* ai */,
				00BD05E22BA9C4EF005F1486 /* Products */,
				02E5217DF880F4C2645FD2CE /* Frameworks */,
			);
			sourceTree = "<group>";
		};
		00BD05E22BA9C4EF005F1486 /* Products */ = {
			isa = PBXGroup;
			children = (
				00BD05E12BA9C4EF005F1486 /* ai.app */,
			);
			name = Products;
			sourceTree = "<group>";
		};
		00BD05E32BA9C4EF005F1486 /* ai */ = {
			isa = PBXGroup;
			children = (
				00BD06132BA9C7E2005F1486 /* CGFloat.swift */,
				00BD06122BA9C7E2005F1486 /* HomeViewController.swift */,
				00BD060B2BA9C7E2005F1486 /* ItemCell.swift */,
				00BD060E2BA9C7E2005F1486 /* ListCell.swift */,
				00BD060D2BA9C7E2005F1486 /* ListModel.swift */,
				00BD060C2BA9C7E2005F1486 /* SearchViewController.swift */,
				00BD060F2BA9C7E2005F1486 /* ServerViewController.swift */,
				00BD06112BA9C7E2005F1486 /* TabBarController.swift */,
				00BD06102BA9C7E2005F1486 /* WebViewController.swift */,
				00BD05E42BA9C4EF005F1486 /* AppDelegate.swift */,
				00BD05E62BA9C4EF005F1486 /* SceneDelegate.swift */,
				00BD05E82BA9C4EF005F1486 /* ViewController.swift */,
				00BD05EA2BA9C4EF005F1486 /* Main.storyboard */,
				00BD05ED2BA9C4F0005F1486 /* Assets.xcassets */,
				00BD05EF2BA9C4F0005F1486 /* LaunchScreen.storyboard */,
				00BD05F22BA9C4F0005F1486 /* Info.plist */,
			);
			path = ai;
			sourceTree = "<group>";
		};
		02E5217DF880F4C2645FD2CE /* Frameworks */ = {
			isa = PBXGroup;
			children = (
			);
			name = Frameworks;
			sourceTree = "<group>";
		};
/* End PBXGroup section */

/* Begin PBXNativeTarget section */
		00BD05E02BA9C4EF005F1486 /* ai */ = {
			isa = PBXNativeTarget;
			buildConfigurationList = 00BD05F52BA9C4F0005F1486 /* Build configuration list for PBXNativeTarget "ai" */;
			buildPhases = (
				00BD05DD2BA9C4EF005F1486 /* Sources */,
				00BD05DE2BA9C4EF005F1486 /* Frameworks */,
				00BD05DF2BA9C4EF005F1486 /* Resources */,
			);
			buildRules = (
			);
			dependencies = (
			);
			name = ai;
			packageProductDependencies = (
				00BD05F92BA9C63F005F1486 /* JXSegmentedView */,
				00BD05FC2BA9C6B7005F1486 /* MJRefresh */,
				00BD05FF2BA9C6D4005F1486 /* SDWebImage */,
				00BD06022BA9C6E7005F1486 /* SnapKit */,
				00BD06052BA9C6FB005F1486 /* Toast */,
				00BD06082BA9C735005F1486 /* SwiftSoup */,
			);
			productName = ai;
			productReference = 00BD05E12BA9C4EF005F1486 /* ai.app */;
			productType = "com.apple.product-type.application";
		};
/* End PBXNativeTarget section */

/* Begin PBXProject section */
		00BD05D92BA9C4EF005F1486 /* Project object */ = {
			isa = PBXProject;
			attributes = {
				BuildIndependentTargetsInParallel = 1;
				LastSwiftUpdateCheck = 1520;
				LastUpgradeCheck = 1520;
				TargetAttributes = {
					00BD05E02BA9C4EF005F1486 = {
						CreatedOnToolsVersion = 15.2;
					};
				};
			};
			buildConfigurationList = 00BD05DC2BA9C4EF005F1486 /* Build configuration list for PBXProject "ai" */;
			compatibilityVersion = "Xcode 14.0";
			developmentRegion = en;
			hasScannedForEncodings = 0;
			knownRegions = (
				en,
				Base,
			);
			mainGroup = 00BD05D82BA9C4EF005F1486;
			packageReferences = (
				00BD05F82BA9C63F005F1486 /* XCRemoteSwiftPackageReference "JXSegmentedView" */,
				00BD05FB2BA9C6B7005F1486 /* XCRemoteSwiftPackageReference "MJRefresh" */,
				00BD05FE2BA9C6D4005F1486 /* XCRemoteSwiftPackageReference "SDWebImage" */,
				00BD06012BA9C6E7005F1486 /* XCRemoteSwiftPackageReference "SnapKit" */,
				00BD06042BA9C6FB005F1486 /* XCRemoteSwiftPackageReference "Toast-Swift" */,
				00BD06072BA9C735005F1486 /* XCRemoteSwiftPackageReference "SwiftSoup" */,
			);
			productRefGroup = 00BD05E22BA9C4EF005F1486 /* Products */;
			projectDirPath = "";
			projectRoot = "";
			targets = (
				00BD05E02BA9C4EF005F1486 /* ai */,
			);
		};
/* End PBXProject section */

/* Begin PBXResourcesBuildPhase section */
		00BD05DF2BA9C4EF005F1486 /* Resources */ = {
			isa = PBXResourcesBuildPhase;
			buildActionMask = 2147483647;
			files = (
				00BD05F12BA9C4F0005F1486 /* LaunchScreen.storyboard in Resources */,
				00BD05EE2BA9C4F0005F1486 /* Assets.xcassets in Resources */,
				00BD05EC2BA9C4EF005F1486 /* Main.storyboard in Resources */,
			);
			runOnlyForDeploymentPostprocessing = 0;
		};
/* End PBXResourcesBuildPhase section */

/* Begin PBXSourcesBuildPhase section */
		00BD05DD2BA9C4EF005F1486 /* Sources */ = {
			isa = PBXSourcesBuildPhase;
			buildActionMask = 2147483647;
			files = (
				00BD06192BA9C7E2005F1486 /* ServerViewController.swift in Sources */,
				00BD06162BA9C7E2005F1486 /* SearchViewController.swift in Sources */,
				00BD061B2BA9C7E2005F1486 /* TabBarController.swift in Sources */,
				00BD05E92BA9C4EF005F1486 /* ViewController.swift in Sources */,
				00BD061A2BA9C7E2005F1486 /* WebViewController.swift in Sources */,
				00BD05E52BA9C4EF005F1486 /* AppDelegate.swift in Sources */,
				00BD06172BA9C7E2005F1486 /* ListModel.swift in Sources */,
				00BD06182BA9C7E2005F1486 /* ListCell.swift in Sources */,
				00BD05E72BA9C4EF005F1486 /* SceneDelegate.swift in Sources */,
				00BD06152BA9C7E2005F1486 /* ItemCell.swift in Sources */,
				00BD061C2BA9C7E2005F1486 /* HomeViewController.swift in Sources */,
				00BD061D2BA9C7E2005F1486 /* CGFloat.swift in Sources */,
			);
			runOnlyForDeploymentPostprocessing = 0;
		};
/* End PBXSourcesBuildPhase section */

/* Begin PBXVariantGroup section */
		00BD05EA2BA9C4EF005F1486 /* Main.storyboard */ = {
			isa = PBXVariantGroup;
			children = (
				00BD05EB2BA9C4EF005F1486 /* Base */,
			);
			name = Main.storyboard;
			sourceTree = "<group>";
		};
		00BD05EF2BA9C4F0005F1486 /* LaunchScreen.storyboard */ = {
			isa = PBXVariantGroup;
			children = (
				00BD05F02BA9C4F0005F1486 /* Base */,
			);
			name = LaunchScreen.storyboard;
			sourceTree = "<group>";
		};
/* End PBXVariantGroup section */

/* Begin XCBuildConfiguration section */
		00BD05F32BA9C4F0005F1486 /* Debug */ = {
			isa = XCBuildConfiguration;
			buildSettings = {
				ALWAYS_SEARCH_USER_PATHS = NO;
				ASSETCATALOG_COMPILER_GENERATE_SWIFT_ASSET_SYMBOL_EXTENSIONS = YES;
				CLANG_ANALYZER_NONNULL = YES;
				CLANG_ANALYZER_NUMBER_OBJECT_CONVERSION = YES_AGGRESSIVE;
				CLANG_CXX_LANGUAGE_STANDARD = "gnu++20";
				CLANG_ENABLE_MODULES = YES;
				CLANG_ENABLE_OBJC_ARC = YES;
				CLANG_ENABLE_OBJC_WEAK = YES;
				CLANG_WARN_BLOCK_CAPTURE_AUTORELEASING = YES;
				CLANG_WARN_BOOL_CONVERSION = YES;
				CLANG_WARN_COMMA = YES;
				CLANG_WARN_CONSTANT_CONVERSION = YES;
				CLANG_WARN_DEPRECATED_OBJC_IMPLEMENTATIONS = YES;
				CLANG_WARN_DIRECT_OBJC_ISA_USAGE = YES_ERROR;
				CLANG_WARN_DOCUMENTATION_COMMENTS = YES;
				CLANG_WARN_EMPTY_BODY = YES;
				CLANG_WARN_ENUM_CONVERSION = YES;
				CLANG_WARN_INFINITE_RECURSION = YES;
				CLANG_WARN_INT_CONVERSION = YES;
				CLANG_WARN_NON_LITERAL_NULL_CONVERSION = YES;
				CLANG_WARN_OBJC_IMPLICIT_RETAIN_SELF = YES;
				CLANG_WARN_OBJC_LITERAL_CONVERSION = YES;
				CLANG_WARN_OBJC_ROOT_CLASS = YES_ERROR;
				CLANG_WARN_QUOTED_INCLUDE_IN_FRAMEWORK_HEADER = YES;
				CLANG_WARN_RANGE_LOOP_ANALYSIS = YES;
				CLANG_WARN_STRICT_PROTOTYPES = YES;
				CLANG_WARN_SUSPICIOUS_MOVE = YES;
				CLANG_WARN_UNGUARDED_AVAILABILITY = YES_AGGRESSIVE;
				CLANG_WARN_UNREACHABLE_CODE = YES;
				CLANG_WARN__DUPLICATE_METHOD_MATCH = YES;
				COPY_PHASE_STRIP = NO;
				DEBUG_INFORMATION_FORMAT = dwarf;
				ENABLE_STRICT_OBJC_MSGSEND = YES;
				ENABLE_TESTABILITY = YES;
				ENABLE_USER_SCRIPT_SANDBOXING = YES;
				GCC_C_LANGUAGE_STANDARD = gnu17;
				GCC_DYNAMIC_NO_PIC = NO;
				GCC_NO_COMMON_BLOCKS = YES;
				GCC_OPTIMIZATION_LEVEL = 0;
				GCC_PREPROCESSOR_DEFINITIONS = (
					"DEBUG=1",
					"$(inherited)",
				);
				GCC_WARN_64_TO_32_BIT_CONVERSION = YES;
				GCC_WARN_ABOUT_RETURN_TYPE = YES_ERROR;
				GCC_WARN_UNDECLARED_SELECTOR = YES;
				GCC_WARN_UNINITIALIZED_AUTOS = YES_AGGRESSIVE;
				GCC_WARN_UNUSED_FUNCTION = YES;
				GCC_WARN_UNUSED_VARIABLE = YES;
				IPHONEOS_DEPLOYMENT_TARGET = 15.0;
				LOCALIZATION_PREFERS_STRING_CATALOGS = YES;
				MTL_ENABLE_DEBUG_INFO = INCLUDE_SOURCE;
				MTL_FAST_MATH = YES;
				ONLY_ACTIVE_ARCH = YES;
				SDKROOT = iphoneos;
				SWIFT_ACTIVE_COMPILATION_CONDITIONS = "DEBUG $(inherited)";
				SWIFT_OPTIMIZATION_LEVEL = "-Onone";
			};
			name = Debug;
		};
		00BD05F42BA9C4F0005F1486 /* Release */ = {
			isa = XCBuildConfiguration;
			buildSettings = {
				ALWAYS_SEARCH_USER_PATHS = NO;
				ASSETCATALOG_COMPILER_GENERATE_SWIFT_ASSET_SYMBOL_EXTENSIONS = YES;
				CLANG_ANALYZER_NONNULL = YES;
				CLANG_ANALYZER_NUMBER_OBJECT_CONVERSION = YES_AGGRESSIVE;
				CLANG_CXX_LANGUAGE_STANDARD = "gnu++20";
				CLANG_ENABLE_MODULES = YES;
				CLANG_ENABLE_OBJC_ARC = YES;
				CLANG_ENABLE_OBJC_WEAK = YES;
				CLANG_WARN_BLOCK_CAPTURE_AUTORELEASING = YES;
				CLANG_WARN_BOOL_CONVERSION = YES;
				CLANG_WARN_COMMA = YES;
				CLANG_WARN_CONSTANT_CONVERSION = YES;
				CLANG_WARN_DEPRECATED_OBJC_IMPLEMENTATIONS = YES;
				CLANG_WARN_DIRECT_OBJC_ISA_USAGE = YES_ERROR;
				CLANG_WARN_DOCUMENTATION_COMMENTS = YES;
				CLANG_WARN_EMPTY_BODY = YES;
				CLANG_WARN_ENUM_CONVERSION = YES;
				CLANG_WARN_INFINITE_RECURSION = YES;
				CLANG_WARN_INT_CONVERSION = YES;
				CLANG_WARN_NON_LITERAL_NULL_CONVERSION = YES;
				CLANG_WARN_OBJC_IMPLICIT_RETAIN_SELF = YES;
				CLANG_WARN_OBJC_LITERAL_CONVERSION = YES;
				CLANG_WARN_OBJC_ROOT_CLASS = YES_ERROR;
				CLANG_WARN_QUOTED_INCLUDE_IN_FRAMEWORK_HEADER = YES;
				CLANG_WARN_RANGE_LOOP_ANALYSIS = YES;
				CLANG_WARN_STRICT_PROTOTYPES = YES;
				CLANG_WARN_SUSPICIOUS_MOVE = YES;
				CLANG_WARN_UNGUARDED_AVAILABILITY = YES_AGGRESSIVE;
				CLANG_WARN_UNREACHABLE_CODE = YES;
				CLANG_WARN__DUPLICATE_METHOD_MATCH = YES;
				COPY_PHASE_STRIP = NO;
				DEBUG_INFORMATION_FORMAT = "dwarf-with-dsym";
				ENABLE_NS_ASSERTIONS = NO;
				ENABLE_STRICT_OBJC_MSGSEND = YES;
				ENABLE_USER_SCRIPT_SANDBOXING = YES;
				GCC_C_LANGUAGE_STANDARD = gnu17;
				GCC_NO_COMMON_BLOCKS = YES;
				GCC_WARN_64_TO_32_BIT_CONVERSION = YES;
				GCC_WARN_ABOUT_RETURN_TYPE = YES_ERROR;
				GCC_WARN_UNDECLARED_SELECTOR = YES;
				GCC_WARN_UNINITIALIZED_AUTOS = YES_AGGRESSIVE;
				GCC_WARN_UNUSED_FUNCTION = YES;
				GCC_WARN_UNUSED_VARIABLE = YES;
				IPHONEOS_DEPLOYMENT_TARGET = 15.0;
				LOCALIZATION_PREFERS_STRING_CATALOGS = YES;
				MTL_ENABLE_DEBUG_INFO = NO;
				MTL_FAST_MATH = YES;
				SDKROOT = iphoneos;
				SWIFT_COMPILATION_MODE = wholemodule;
				VALIDATE_PRODUCT = YES;
			};
			name = Release;
		};
		00BD05F62BA9C4F0005F1486 /* Debug */ = {
			isa = XCBuildConfiguration;
			buildSettings = {
				ASSETCATALOG_COMPILER_APPICON_NAME = AppIcon;
				ASSETCATALOG_COMPILER_GLOBAL_ACCENT_COLOR_NAME = AccentColor;
				CODE_SIGN_STYLE = Automatic;
				CURRENT_PROJECT_VERSION = 5;
				DEVELOPMENT_TEAM = F9N98X7P4L;
				ENABLE_USER_SCRIPT_SANDBOXING = NO;
				GENERATE_INFOPLIST_FILE = YES;
				INFOPLIST_FILE = ai/Info.plist;
				INFOPLIST_KEY_UIApplicationSupportsIndirectInputEvents = YES;
				INFOPLIST_KEY_UILaunchStoryboardName = LaunchScreen;
				INFOPLIST_KEY_UIMainStoryboardFile = Main;
				INFOPLIST_KEY_UISupportedInterfaceOrientations_iPad = "UIInterfaceOrientationPortrait UIInterfaceOrientationPortraitUpsideDown UIInterfaceOrientationLandscapeLeft UIInterfaceOrientationLandscapeRight";
				INFOPLIST_KEY_UISupportedInterfaceOrientations_iPhone = "UIInterfaceOrientationPortrait UIInterfaceOrientationLandscapeLeft UIInterfaceOrientationLandscapeRight";
				LD_RUNPATH_SEARCH_PATHS = (
					"$(inherited)",
					"@executable_path/Frameworks",
				);
				MARKETING_VERSION = 1.0.0;
				PRODUCT_BUNDLE_IDENTIFIER = com.xiaobingkj.ai;
				PRODUCT_NAME = "$(TARGET_NAME)";
				SWIFT_EMIT_LOC_STRINGS = YES;
				SWIFT_OBJC_BRIDGING_HEADER = "";
				SWIFT_VERSION = 5.0;
				TARGETED_DEVICE_FAMILY = "1,2";
			};
			name = Debug;
		};
		00BD05F72BA9C4F0005F1486 /* Release */ = {
			isa = XCBuildConfiguration;
			buildSettings = {
				ASSETCATALOG_COMPILER_APPICON_NAME = AppIcon;
				ASSETCATALOG_COMPILER_GLOBAL_ACCENT_COLOR_NAME = AccentColor;
				CODE_SIGN_STYLE = Automatic;
				CURRENT_PROJECT_VERSION = 5;
				DEVELOPMENT_TEAM = F9N98X7P4L;
				ENABLE_USER_SCRIPT_SANDBOXING = NO;
				GENERATE_INFOPLIST_FILE = YES;
				INFOPLIST_FILE = ai/Info.plist;
				INFOPLIST_KEY_UIApplicationSupportsIndirectInputEvents = YES;
				INFOPLIST_KEY_UILaunchStoryboardName = LaunchScreen;
				INFOPLIST_KEY_UIMainStoryboardFile = Main;
				INFOPLIST_KEY_UISupportedInterfaceOrientations_iPad = "UIInterfaceOrientationPortrait UIInterfaceOrientationPortraitUpsideDown UIInterfaceOrientationLandscapeLeft UIInterfaceOrientationLandscapeRight";
				INFOPLIST_KEY_UISupportedInterfaceOrientations_iPhone = "UIInterfaceOrientationPortrait UIInterfaceOrientationLandscapeLeft UIInterfaceOrientationLandscapeRight";
				LD_RUNPATH_SEARCH_PATHS = (
					"$(inherited)",
					"@executable_path/Frameworks",
				);
				MARKETING_VERSION = 1.0.0;
				PRODUCT_BUNDLE_IDENTIFIER = com.xiaobingkj.ai;
				PRODUCT_NAME = "$(TARGET_NAME)";
				SWIFT_EMIT_LOC_STRINGS = YES;
				SWIFT_OBJC_BRIDGING_HEADER = "";
				SWIFT_VERSION = 5.0;
				TARGETED_DEVICE_FAMILY = "1,2";
			};
			name = Release;
		};
/* End XCBuildConfiguration section */

/* Begin XCConfigurationList section */
		00BD05DC2BA9C4EF005F1486 /* Build configuration list for PBXProject "ai" */ = {
			isa = XCConfigurationList;
			buildConfigurations = (
				00BD05F32BA9C4F0005F1486 /* Debug */,
				00BD05F42BA9C4F0005F1486 /* Release */,
			);
			defaultConfigurationIsVisible = 0;
			defaultConfigurationName = Release;
		};
		00BD05F52BA9C4F0005F1486 /* Build configuration list for PBXNativeTarget "ai" */ = {
			isa = XCConfigurationList;
			buildConfigurations = (
				00BD05F62BA9C4F0005F1486 /* Debug */,
				00BD05F72BA9C4F0005F1486 /* Release */,
			);
			defaultConfigurationIsVisible = 0;
			defaultConfigurationName = Release;
		};
/* End XCConfigurationList section */

/* Begin XCRemoteSwiftPackageReference section */
		00BD05F82BA9C63F005F1486 /* XCRemoteSwiftPackageReference "JXSegmentedView" */ = {
			isa = XCRemoteSwiftPackageReference;
			repositoryURL = "https://github.com/pujiaxin33/JXSegmentedView.git";
			requirement = {
				kind = upToNextMajorVersion;
				minimumVersion = 1.3.0;
			};
		};
		00BD05FB2BA9C6B7005F1486 /* XCRemoteSwiftPackageReference "MJRefresh" */ = {
			isa = XCRemoteSwiftPackageReference;
			repositoryURL = "https://github.com/CoderMJLee/MJRefresh";
			requirement = {
				kind = upToNextMajorVersion;
				minimumVersion = 3.7.8;
			};
		};
		00BD05FE2BA9C6D4005F1486 /* XCRemoteSwiftPackageReference "SDWebImage" */ = {
			isa = XCRemoteSwiftPackageReference;
			repositoryURL = "https://github.com/SDWebImage/SDWebImage.git";
			requirement = {
				kind = upToNextMajorVersion;
				minimumVersion = 5.19.0;
			};
		};
		00BD06012BA9C6E7005F1486 /* XCRemoteSwiftPackageReference "SnapKit" */ = {
			isa = XCRemoteSwiftPackageReference;
			repositoryURL = "https://github.com/SnapKit/SnapKit.git";
			requirement = {
				kind = upToNextMajorVersion;
				minimumVersion = 5.7.1;
			};
		};
		00BD06042BA9C6FB005F1486 /* XCRemoteSwiftPackageReference "Toast-Swift" */ = {
			isa = XCRemoteSwiftPackageReference;
			repositoryURL = "https://github.com/scalessec/Toast-Swift.git";
			requirement = {
				kind = upToNextMajorVersion;
				minimumVersion = 5.1.0;
			};
		};
		00BD06072BA9C735005F1486 /* XCRemoteSwiftPackageReference "SwiftSoup" */ = {
			isa = XCRemoteSwiftPackageReference;
			repositoryURL = "https://github.com/scinfu/SwiftSoup";
			requirement = {
				kind = upToNextMajorVersion;
				minimumVersion = 2.7.2;
			};
		};
/* End XCRemoteSwiftPackageReference section */

/* Begin XCSwiftPackageProductDependency section */
		00BD05F92BA9C63F005F1486 /* JXSegmentedView */ = {
			isa = XCSwiftPackageProductDependency;
			package = 00BD05F82BA9C63F005F1486 /* XCRemoteSwiftPackageReference "JXSegmentedView" */;
			productName = JXSegmentedView;
		};
		00BD05FC2BA9C6B7005F1486 /* MJRefresh */ = {
			isa = XCSwiftPackageProductDependency;
			package = 00BD05FB2BA9C6B7005F1486 /* XCRemoteSwiftPackageReference "MJRefresh" */;
			productName = MJRefresh;
		};
		00BD05FF2BA9C6D4005F1486 /* SDWebImage */ = {
			isa = XCSwiftPackageProductDependency;
			package = 00BD05FE2BA9C6D4005F1486 /* XCRemoteSwiftPackageReference "SDWebImage" */;
			productName = SDWebImage;
		};
		00BD06022BA9C6E7005F1486 /* SnapKit */ = {
			isa = XCSwiftPackageProductDependency;
			package = 00BD06012BA9C6E7005F1486 /* XCRemoteSwiftPackageReference "SnapKit" */;
			productName = SnapKit;
		};
		00BD06052BA9C6FB005F1486 /* Toast */ = {
			isa = XCSwiftPackageProductDependency;
			package = 00BD06042BA9C6FB005F1486 /* XCRemoteSwiftPackageReference "Toast-Swift" */;
			productName = Toast;
		};
		00BD06082BA9C735005F1486 /* SwiftSoup */ = {
			isa = XCSwiftPackageProductDependency;
			package = 00BD06072BA9C735005F1486 /* XCRemoteSwiftPackageReference "SwiftSoup" */;
			productName = SwiftSoup;
		};
/* End XCSwiftPackageProductDependency section */
	};
	rootObject = 00BD05D92BA9C4EF005F1486 /* Project object */;
}
